// !$*UTF8*$!
{
	archiveVersion = 1;
	classes = {
	};
	objectVersion = 55;
	objects = {

/* Begin PBXBuildFile section */
		BC7E45F52768BC970047EC7B /* AppDelegate.swift in Sources */ = {isa = PBXBuildFile; fileRef = BC7E45F42768BC970047EC7B /* AppDelegate.swift */; };
		BC7E45F72768BC970047EC7B /* SceneDelegate.swift in Sources */ = {isa = PBXBuildFile; fileRef = BC7E45F62768BC970047EC7B /* SceneDelegate.swift */; };
		BC7E45F92768BC970047EC7B /* ConversationsViewController.swift in Sources */ = {isa = PBXBuildFile; fileRef = BC7E45F82768BC970047EC7B /* ConversationsViewController.swift */; };
		BC7E45FC2768BC970047EC7B /* Main.storyboard in Resources */ = {isa = PBXBuildFile; fileRef = BC7E45FA2768BC970047EC7B /* Main.storyboard */; };
		BC7E45FE2768BC980047EC7B /* Assets.xcassets in Resources */ = {isa = PBXBuildFile; fileRef = BC7E45FD2768BC980047EC7B /* Assets.xcassets */; };
		BC7E46012768BC980047EC7B /* LaunchScreen.storyboard in Resources */ = {isa = PBXBuildFile; fileRef = BC7E45FF2768BC980047EC7B /* LaunchScreen.storyboard */; };
		BC7E460F2768C1F60047EC7B /* LoginViewController.swift in Sources */ = {isa = PBXBuildFile; fileRef = BC7E460E2768C1F60047EC7B /* LoginViewController.swift */; };
		BC7E46112768C2120047EC7B /* RegisterViewController.swift in Sources */ = {isa = PBXBuildFile; fileRef = BC7E46102768C2120047EC7B /* RegisterViewController.swift */; };
		BC7E46132768C2490047EC7B /* PhotoViewerViewController.swift in Sources */ = {isa = PBXBuildFile; fileRef = BC7E46122768C2490047EC7B /* PhotoViewerViewController.swift */; };
		BC7E46152768C2600047EC7B /* VideoPlayerViewController.swift in Sources */ = {isa = PBXBuildFile; fileRef = BC7E46142768C2600047EC7B /* VideoPlayerViewController.swift */; };
		BC7E46172768C2970047EC7B /* NewConversationViewController.swift in Sources */ = {isa = PBXBuildFile; fileRef = BC7E46162768C2970047EC7B /* NewConversationViewController.swift */; };
		BC7E46192768C2B10047EC7B /* ProfileViewController.swift in Sources */ = {isa = PBXBuildFile; fileRef = BC7E46182768C2B10047EC7B /* ProfileViewController.swift */; };
		BC7E461C276B5A4A0047EC7B /* Extensions.swift in Sources */ = {isa = PBXBuildFile; fileRef = BC7E461B276B5A4A0047EC7B /* Extensions.swift */; };
/* End PBXBuildFile section */

/* Begin PBXFileReference section */
		BC7E45F12768BC970047EC7B /* LanguageExchange.app */ = {isa = PBXFileReference; explicitFileType = wrapper.application; includeInIndex = 0; path = LanguageExchange.app; sourceTree = BUILT_PRODUCTS_DIR; };
		BC7E45F42768BC970047EC7B /* AppDelegate.swift */ = {isa = PBXFileReference; lastKnownFileType = sourcecode.swift; path = AppDelegate.swift; sourceTree = "<group>"; };
		BC7E45F62768BC970047EC7B /* SceneDelegate.swift */ = {isa = PBXFileReference; lastKnownFileType = sourcecode.swift; path = SceneDelegate.swift; sourceTree = "<group>"; };
		BC7E45F82768BC970047EC7B /* ConversationsViewController.swift */ = {isa = PBXFileReference; lastKnownFileType = sourcecode.swift; path = ConversationsViewController.swift; sourceTree = "<group>"; };
		BC7E45FB2768BC970047EC7B /* Base */ = {isa = PBXFileReference; lastKnownFileType = file.storyboard; name = Base; path = Base.lproj/Main.storyboard; sourceTree = "<group>"; };
		BC7E45FD2768BC980047EC7B /* Assets.xcassets */ = {isa = PBXFileReference; lastKnownFileType = folder.assetcatalog; path = Assets.xcassets; sourceTree = "<group>"; };
		BC7E46002768BC980047EC7B /* Base */ = {isa = PBXFileReference; lastKnownFileType = file.storyboard; name = Base; path = Base.lproj/LaunchScreen.storyboard; sourceTree = "<group>"; };
		BC7E46022768BC980047EC7B /* Info.plist */ = {isa = PBXFileReference; lastKnownFileType = text.plist.xml; path = Info.plist; sourceTree = "<group>"; };
		BC7E460E2768C1F60047EC7B /* LoginViewController.swift */ = {isa = PBXFileReference; lastKnownFileType = sourcecode.swift; path = LoginViewController.swift; sourceTree = "<group>"; };
		BC7E46102768C2120047EC7B /* RegisterViewController.swift */ = {isa = PBXFileReference; lastKnownFileType = sourcecode.swift; path = RegisterViewController.swift; sourceTree = "<group>"; };
		BC7E46122768C2490047EC7B /* PhotoViewerViewController.swift */ = {isa = PBXFileReference; lastKnownFileType = sourcecode.swift; path = PhotoViewerViewController.swift; sourceTree = "<group>"; };
		BC7E46142768C2600047EC7B /* VideoPlayerViewController.swift */ = {isa = PBXFileReference; lastKnownFileType = sourcecode.swift; path = VideoPlayerViewController.swift; sourceTree = "<group>"; };
		BC7E46162768C2970047EC7B /* NewConversationViewController.swift */ = {isa = PBXFileReference; lastKnownFileType = sourcecode.swift; path = NewConversationViewController.swift; sourceTree = "<group>"; };
		BC7E46182768C2B10047EC7B /* ProfileViewController.swift */ = {isa = PBXFileReference; lastKnownFileType = sourcecode.swift; path = ProfileViewController.swift; sourceTree = "<group>"; };
		BC7E461B276B5A4A0047EC7B /* Extensions.swift */ = {isa = PBXFileReference; lastKnownFileType = sourcecode.swift; path = Extensions.swift; sourceTree = "<group>"; };
/* End PBXFileReference section */

/* Begin PBXFrameworksBuildPhase section */
		BC7E45EE2768BC970047EC7B /* Frameworks */ = {
			isa = PBXFrameworksBuildPhase;
			buildActionMask = 2147483647;
			files = (
			);
			runOnlyForDeploymentPostprocessing = 0;
		};
/* End PBXFrameworksBuildPhase section */

/* Begin PBXGroup section */
		BC7E45E82768BC970047EC7B = {
			isa = PBXGroup;
			children = (
				BC7E45F32768BC970047EC7B /* LanguageExchange */,
				BC7E45F22768BC970047EC7B /* Products */,
			);
			sourceTree = "<group>";
		};
		BC7E45F22768BC970047EC7B /* Products */ = {
			isa = PBXGroup;
			children = (
				BC7E45F12768BC970047EC7B /* LanguageExchange.app */,
			);
			name = Products;
			sourceTree = "<group>";
		};
		BC7E45F32768BC970047EC7B /* LanguageExchange */ = {
			isa = PBXGroup;
			children = (
				BC7E460C2768C01C0047EC7B /* Resources */,
				BC7E460B2768C00F0047EC7B /* ViewModels */,
				BC7E460A2768C0070047EC7B /* Models */,
				BC7E46092768BFFD0047EC7B /* Views */,
				BC7E46082768BFF00047EC7B /* Controllers */,
				BC7E46022768BC980047EC7B /* Info.plist */,
			);
			path = LanguageExchange;
			sourceTree = "<group>";
		};
		BC7E46082768BFF00047EC7B /* Controllers */ = {
			isa = PBXGroup;
			children = (
				BC7E461A276B4EFC0047EC7B /* Login */,
				BC7E45F82768BC970047EC7B /* ConversationsViewController.swift */,
				BC7E46122768C2490047EC7B /* PhotoViewerViewController.swift */,
				BC7E46142768C2600047EC7B /* VideoPlayerViewController.swift */,
				BC7E46162768C2970047EC7B /* NewConversationViewController.swift */,
				BC7E46182768C2B10047EC7B /* ProfileViewController.swift */,
			);
			path = Controllers;
			sourceTree = "<group>";
		};
		BC7E46092768BFFD0047EC7B /* Views */ = {
			isa = PBXGroup;
			children = (
				BC7E460D2768C08A0047EC7B /* Storyboards */,
				BC7E45FD2768BC980047EC7B /* Assets.xcassets */,
			);
			path = Views;
			sourceTree = "<group>";
		};
		BC7E460A2768C0070047EC7B /* Models */ = {
			isa = PBXGroup;
			children = (
			);
			path = Models;
			sourceTree = "<group>";
		};
		BC7E460B2768C00F0047EC7B /* ViewModels */ = {
			isa = PBXGroup;
			children = (
			);
			path = ViewModels;
			sourceTree = "<group>";
		};
		BC7E460C2768C01C0047EC7B /* Resources */ = {
			isa = PBXGroup;
			children = (
				BC7E45F42768BC970047EC7B /* AppDelegate.swift */,
				BC7E45F62768BC970047EC7B /* SceneDelegate.swift */,
				BC7E461B276B5A4A0047EC7B /* Extensions.swift */,
			);
			path = Resources;
			sourceTree = "<group>";
		};
		BC7E460D2768C08A0047EC7B /* Storyboards */ = {
			isa = PBXGroup;
			children = (
				BC7E45FA2768BC970047EC7B /* Main.storyboard */,
				BC7E45FF2768BC980047EC7B /* LaunchScreen.storyboard */,
			);
			path = Storyboards;
			sourceTree = "<group>";
		};
		BC7E461A276B4EFC0047EC7B /* Login */ = {
			isa = PBXGroup;
			children = (
				BC7E460E2768C1F60047EC7B /* LoginViewController.swift */,
				BC7E46102768C2120047EC7B /* RegisterViewController.swift */,
			);
			path = Login;
			sourceTree = "<group>";
		};
/* End PBXGroup section */

/* Begin PBXNativeTarget section */
		BC7E45F02768BC970047EC7B /* LanguageExchange */ = {
			isa = PBXNativeTarget;
			buildConfigurationList = BC7E46052768BC980047EC7B /* Build configuration list for PBXNativeTarget "LanguageExchange" */;
			buildPhases = (
				BC7E45ED2768BC970047EC7B /* Sources */,
				BC7E45EE2768BC970047EC7B /* Frameworks */,
				BC7E45EF2768BC970047EC7B /* Resources */,
			);
			buildRules = (
			);
			dependencies = (
			);
			name = LanguageExchange;
			productName = LanguageExchange;
			productReference = BC7E45F12768BC970047EC7B /* LanguageExchange.app */;
			productType = "com.apple.product-type.application";
		};
/* End PBXNativeTarget section */

/* Begin PBXProject section */
		BC7E45E92768BC970047EC7B /* Project object */ = {
			isa = PBXProject;
			attributes = {
				BuildIndependentTargetsInParallel = 1;
				LastSwiftUpdateCheck = 1300;
				LastUpgradeCheck = 1300;
				TargetAttributes = {
					BC7E45F02768BC970047EC7B = {
						CreatedOnToolsVersion = 13.0;
					};
				};
			};
			buildConfigurationList = BC7E45EC2768BC970047EC7B /* Build configuration list for PBXProject "LanguageExchange" */;
			compatibilityVersion = "Xcode 13.0";
			developmentRegion = en;
			hasScannedForEncodings = 0;
			knownRegions = (
				en,
				Base,
			);
			mainGroup = BC7E45E82768BC970047EC7B;
			productRefGroup = BC7E45F22768BC970047EC7B /* Products */;
			projectDirPath = "";
			projectRoot = "";
			targets = (
				BC7E45F02768BC970047EC7B /* LanguageExchange */,
			);
		};
/* End PBXProject section */

/* Begin PBXResourcesBuildPhase section */
		BC7E45EF2768BC970047EC7B /* Resources */ = {
			isa = PBXResourcesBuildPhase;
			buildActionMask = 2147483647;
			files = (
				BC7E46012768BC980047EC7B /* LaunchScreen.storyboard in Resources */,
				BC7E45FE2768BC980047EC7B /* Assets.xcassets in Resources */,
				BC7E45FC2768BC970047EC7B /* Main.storyboard in Resources */,
			);
			runOnlyForDeploymentPostprocessing = 0;
		};
/* End PBXResourcesBuildPhase section */

/* Begin PBXSourcesBuildPhase section */
		BC7E45ED2768BC970047EC7B /* Sources */ = {
			isa = PBXSourcesBuildPhase;
			buildActionMask = 2147483647;
			files = (
				BC7E460F2768C1F60047EC7B /* LoginViewController.swift in Sources */,
				BC7E46112768C2120047EC7B /* RegisterViewController.swift in Sources */,
				BC7E46172768C2970047EC7B /* NewConversationViewController.swift in Sources */,
				BC7E45F92768BC970047EC7B /* ConversationsViewController.swift in Sources */,
				BC7E46152768C2600047EC7B /* VideoPlayerViewController.swift in Sources */,
				BC7E461C276B5A4A0047EC7B /* Extensions.swift in Sources */,
				BC7E45F52768BC970047EC7B /* AppDelegate.swift in Sources */,
				BC7E46192768C2B10047EC7B /* ProfileViewController.swift in Sources */,
				BC7E45F72768BC970047EC7B /* SceneDelegate.swift in Sources */,
				BC7E46132768C2490047EC7B /* PhotoViewerViewController.swift in Sources */,
			);
			runOnlyForDeploymentPostprocessing = 0;
		};
/* End PBXSourcesBuildPhase section */

/* Begin PBXVariantGroup section */
		BC7E45FA2768BC970047EC7B /* Main.storyboard */ = {
			isa = PBXVariantGroup;
			children = (
				BC7E45FB2768BC970047EC7B /* Base */,
			);
			name = Main.storyboard;
			sourceTree = "<group>";
		};
		BC7E45FF2768BC980047EC7B /* LaunchScreen.storyboard */ = {
			isa = PBXVariantGroup;
			children = (
				BC7E46002768BC980047EC7B /* Base */,
			);
			name = LaunchScreen.storyboard;
			sourceTree = "<group>";
		};
/* End PBXVariantGroup section */

/* Begin XCBuildConfiguration section */
		BC7E46032768BC980047EC7B /* Debug */ = {
			isa = XCBuildConfiguration;
			buildSettings = {
				ALWAYS_SEARCH_USER_PATHS = NO;
				CLANG_ANALYZER_NONNULL = YES;
				CLANG_ANALYZER_NUMBER_OBJECT_CONVERSION = YES_AGGRESSIVE;
				CLANG_CXX_LANGUAGE_STANDARD = "gnu++17";
				CLANG_CXX_LIBRARY = "libc++";
				CLANG_ENABLE_MODULES = YES;
				CLANG_ENABLE_OBJC_ARC = YES;
				CLANG_ENABLE_OBJC_WEAK = YES;
				CLANG_WARN_BLOCK_CAPTURE_AUTORELEASING = YES;
				CLANG_WARN_BOOL_CONVERSION = YES;
				CLANG_WARN_COMMA = YES;
				CLANG_WARN_CONSTANT_CONVERSION = YES;
				CLANG_WARN_DEPRECATED_OBJC_IMPLEMENTATIONS = YES;
				CLANG_WARN_DIRECT_OBJC_ISA_USAGE = YES_ERROR;
				CLANG_WARN_DOCUMENTATION_COMMENTS = YES;
				CLANG_WARN_EMPTY_BODY = YES;
				CLANG_WARN_ENUM_CONVERSION = YES;
				CLANG_WARN_INFINITE_RECURSION = YES;
				CLANG_WARN_INT_CONVERSION = YES;
				CLANG_WARN_NON_LITERAL_NULL_CONVERSION = YES;
				CLANG_WARN_OBJC_IMPLICIT_RETAIN_SELF = YES;
				CLANG_WARN_OBJC_LITERAL_CONVERSION = YES;
				CLANG_WARN_OBJC_ROOT_CLASS = YES_ERROR;
				CLANG_WARN_QUOTED_INCLUDE_IN_FRAMEWORK_HEADER = YES;
				CLANG_WARN_RANGE_LOOP_ANALYSIS = YES;
				CLANG_WARN_STRICT_PROTOTYPES = YES;
				CLANG_WARN_SUSPICIOUS_MOVE = YES;
				CLANG_WARN_UNGUARDED_AVAILABILITY = YES_AGGRESSIVE;
				CLANG_WARN_UNREACHABLE_CODE = YES;
				CLANG_WARN__DUPLICATE_METHOD_MATCH = YES;
				COPY_PHASE_STRIP = NO;
				DEBUG_INFORMATION_FORMAT = dwarf;
				ENABLE_STRICT_OBJC_MSGSEND = YES;
				ENABLE_TESTABILITY = YES;
				GCC_C_LANGUAGE_STANDARD = gnu11;
				GCC_DYNAMIC_NO_PIC = NO;
				GCC_NO_COMMON_BLOCKS = YES;
				GCC_OPTIMIZATION_LEVEL = 0;
				GCC_PREPROCESSOR_DEFINITIONS = (
					"DEBUG=1",
					"$(inherited)",
				);
				GCC_WARN_64_TO_32_BIT_CONVERSION = YES;
				GCC_WARN_ABOUT_RETURN_TYPE = YES_ERROR;
				GCC_WARN_UNDECLARED_SELECTOR = YES;
				GCC_WARN_UNINITIALIZED_AUTOS = YES_AGGRESSIVE;
				GCC_WARN_UNUSED_FUNCTION = YES;
				GCC_WARN_UNUSED_VARIABLE = YES;
				IPHONEOS_DEPLOYMENT_TARGET = 15.0;
				MTL_ENABLE_DEBUG_INFO = INCLUDE_SOURCE;
				MTL_FAST_MATH = YES;
				ONLY_ACTIVE_ARCH = YES;
				SDKROOT = iphoneos;
				SWIFT_ACTIVE_COMPILATION_CONDITIONS = DEBUG;
				SWIFT_OPTIMIZATION_LEVEL = "-Onone";
			};
			name = Debug;
		};
		BC7E46042768BC980047EC7B /* Release */ = {
			isa = XCBuildConfiguration;
			buildSettings = {
				ALWAYS_SEARCH_USER_PATHS = NO;
				CLANG_ANALYZER_NONNULL = YES;
				CLANG_ANALYZER_NUMBER_OBJECT_CONVERSION = YES_AGGRESSIVE;
				CLANG_CXX_LANGUAGE_STANDARD = "gnu++17";
				CLANG_CXX_LIBRARY = "libc++";
				CLANG_ENABLE_MODULES = YES;
				CLANG_ENABLE_OBJC_ARC = YES;
				CLANG_ENABLE_OBJC_WEAK = YES;
				CLANG_WARN_BLOCK_CAPTURE_AUTORELEASING = YES;
				CLANG_WARN_BOOL_CONVERSION = YES;
				CLANG_WARN_COMMA = YES;
				CLANG_WARN_CONSTANT_CONVERSION = YES;
				CLANG_WARN_DEPRECATED_OBJC_IMPLEMENTATIONS = YES;
				CLANG_WARN_DIRECT_OBJC_ISA_USAGE = YES_ERROR;
				CLANG_WARN_DOCUMENTATION_COMMENTS = YES;
				CLANG_WARN_EMPTY_BODY = YES;
				CLANG_WARN_ENUM_CONVERSION = YES;
				CLANG_WARN_INFINITE_RECURSION = YES;
				CLANG_WARN_INT_CONVERSION = YES;
				CLANG_WARN_NON_LITERAL_NULL_CONVERSION = YES;
				CLANG_WARN_OBJC_IMPLICIT_RETAIN_SELF = YES;
				CLANG_WARN_OBJC_LITERAL_CONVERSION = YES;
				CLANG_WARN_OBJC_ROOT_CLASS = YES_ERROR;
				CLANG_WARN_QUOTED_INCLUDE_IN_FRAMEWORK_HEADER = YES;
				CLANG_WARN_RANGE_LOOP_ANALYSIS = YES;
				CLANG_WARN_STRICT_PROTOTYPES = YES;
				CLANG_WARN_SUSPICIOUS_MOVE = YES;
				CLANG_WARN_UNGUARDED_AVAILABILITY = YES_AGGRESSIVE;
				CLANG_WARN_UNREACHABLE_CODE = YES;
				CLANG_WARN__DUPLICATE_METHOD_MATCH = YES;
				COPY_PHASE_STRIP = NO;
				DEBUG_INFORMATION_FORMAT = "dwarf-with-dsym";
				ENABLE_NS_ASSERTIONS = NO;
				ENABLE_STRICT_OBJC_MSGSEND = YES;
				GCC_C_LANGUAGE_STANDARD = gnu11;
				GCC_NO_COMMON_BLOCKS = YES;
				GCC_WARN_64_TO_32_BIT_CONVERSION = YES;
				GCC_WARN_ABOUT_RETURN_TYPE = YES_ERROR;
				GCC_WARN_UNDECLARED_SELECTOR = YES;
				GCC_WARN_UNINITIALIZED_AUTOS = YES_AGGRESSIVE;
				GCC_WARN_UNUSED_FUNCTION = YES;
				GCC_WARN_UNUSED_VARIABLE = YES;
				IPHONEOS_DEPLOYMENT_TARGET = 15.0;
				MTL_ENABLE_DEBUG_INFO = NO;
				MTL_FAST_MATH = YES;
				SDKROOT = iphoneos;
				SWIFT_COMPILATION_MODE = wholemodule;
				SWIFT_OPTIMIZATION_LEVEL = "-O";
				VALIDATE_PRODUCT = YES;
			};
			name = Release;
		};
		BC7E46062768BC980047EC7B /* Debug */ = {
			isa = XCBuildConfiguration;
			buildSettings = {
				ASSETCATALOG_COMPILER_APPICON_NAME = AppIcon;
				ASSETCATALOG_COMPILER_GLOBAL_ACCENT_COLOR_NAME = AccentColor;
				CODE_SIGN_STYLE = Automatic;
				CURRENT_PROJECT_VERSION = 1;
				GENERATE_INFOPLIST_FILE = YES;
				INFOPLIST_FILE = LanguageExchange/Info.plist;
				INFOPLIST_KEY_UIApplicationSupportsIndirectInputEvents = YES;
				INFOPLIST_KEY_UILaunchStoryboardName = LaunchScreen;
				INFOPLIST_KEY_UIMainStoryboardFile = Main;
				INFOPLIST_KEY_UISupportedInterfaceOrientations = UIInterfaceOrientationPortrait;
				INFOPLIST_KEY_UISupportedInterfaceOrientations_iPad = "UIInterfaceOrientationPortrait UIInterfaceOrientationPortraitUpsideDown UIInterfaceOrientationLandscapeLeft UIInterfaceOrientationLandscapeRight";
				INFOPLIST_KEY_UISupportedInterfaceOrientations_iPhone = "UIInterfaceOrientationPortrait UIInterfaceOrientationLandscapeLeft UIInterfaceOrientationLandscapeRight";
				LD_RUNPATH_SEARCH_PATHS = (
					"$(inherited)",
					"@executable_path/Frameworks",
				);
				MARKETING_VERSION = 1.0;
				PRODUCT_BUNDLE_IDENTIFIER = com.nada.LanguageExchange;
				PRODUCT_NAME = "$(TARGET_NAME)";
				SWIFT_EMIT_LOC_STRINGS = YES;
				SWIFT_VERSION = 5.0;
				TARGETED_DEVICE_FAMILY = "1,2";
			};
			name = Debug;
		};
		BC7E46072768BC980047EC7B /* Release */ = {
			isa = XCBuildConfiguration;
			buildSettings = {
				ASSETCATALOG_COMPILER_APPICON_NAME = AppIcon;
				ASSETCATALOG_COMPILER_GLOBAL_ACCENT_COLOR_NAME = AccentColor;
				CODE_SIGN_STYLE = Automatic;
				CURRENT_PROJECT_VERSION = 1;
				GENERATE_INFOPLIST_FILE = YES;
				INFOPLIST_FILE = LanguageExchange/Info.plist;
				INFOPLIST_KEY_UIApplicationSupportsIndirectInputEvents = YES;
				INFOPLIST_KEY_UILaunchStoryboardName = LaunchScreen;
				INFOPLIST_KEY_UIMainStoryboardFile = Main;
				INFOPLIST_KEY_UISupportedInterfaceOrientations = UIInterfaceOrientationPortrait;
				INFOPLIST_KEY_UISupportedInterfaceOrientations_iPad = "UIInterfaceOrientationPortrait UIInterfaceOrientationPortraitUpsideDown UIInterfaceOrientationLandscapeLeft UIInterfaceOrientationLandscapeRight";
				INFOPLIST_KEY_UISupportedInterfaceOrientations_iPhone = "UIInterfaceOrientationPortrait UIInterfaceOrientationLandscapeLeft UIInterfaceOrientationLandscapeRight";
				LD_RUNPATH_SEARCH_PATHS = (
					"$(inherited)",
					"@executable_path/Frameworks",
				);
				MARKETING_VERSION = 1.0;
				PRODUCT_BUNDLE_IDENTIFIER = com.nada.LanguageExchange;
				PRODUCT_NAME = "$(TARGET_NAME)";
				SWIFT_EMIT_LOC_STRINGS = YES;
				SWIFT_VERSION = 5.0;
				TARGETED_DEVICE_FAMILY = "1,2";
			};
			name = Release;
		};
/* End XCBuildConfiguration section */

/* Begin XCConfigurationList section */
		BC7E45EC2768BC970047EC7B /* Build configuration list for PBXProject "LanguageExchange" */ = {
			isa = XCConfigurationList;
			buildConfigurations = (
				BC7E46032768BC980047EC7B /* Debug */,
				BC7E46042768BC980047EC7B /* Release */,
			);
			defaultConfigurationIsVisible = 0;
			defaultConfigurationName = Release;
		};
		BC7E46052768BC980047EC7B /* Build configuration list for PBXNativeTarget "LanguageExchange" */ = {
			isa = XCConfigurationList;
			buildConfigurations = (
				BC7E46062768BC980047EC7B /* Debug */,
				BC7E46072768BC980047EC7B /* Release */,
			);
			defaultConfigurationIsVisible = 0;
			defaultConfigurationName = Release;
		};
/* End XCConfigurationList section */
	};
	rootObject = BC7E45E92768BC970047EC7B /* Project object */;
}
